github.com/coder/websocket v1.8.15 h1:6B2JPeOGlpff2Uz6vOEH1Vzpi0iUz20A+lPVhPHtNUA=
github.com/coder/websocket v1.8.15/go.mod h1:NX3SzP+inril6yawo5CQXx8+fk145lPDC6pumgx0mVg=
github.com/labstack/echo/v5 v5.2.1 h1:TzpIksY6zLMzV0T0ycYbvTEoj9w6o6AcL5twg182VTY=
github.com/labstack/echo/v5 v5.2.1/go.mod h1:SyvlSdObGjRXeQfCCXW/sybkZdOOQZBmpKF0bvALaeo=
google.golang.org/protobuf v1.36.11 h1:fV6ZwhNocDyBLK0dj+fg8ektcVegBBuEolpbTQyBNVE=
google.golang.org/protobuf v1.36.11/go.mod h1:HTf+CrKn2C3g5S8VImy6tdcUvCska2kB7j23XfzDpco=
